
Microsoft Visual Studio Solution File, Format Version 12.00
# Visual Studio 15
VisualStudioVersion = 15.0.28307.271
MinimumVisualStudioVersion = 10.0.40219.1
Project("{FAE04EC0-301F-11D3-BF4B-00C04F79EFBC}") = "ConsoleApp8", "ConsoleApp8\ConsoleApp8.csproj", "{B2AF3346-0798-4B90-B74B-75DC184A5D6D}"
EndProject
Global
	GlobalSection(SolutionConfigurationPlatforms) = preSolution
		Debug|Any CPU = Debug|Any CPU
		Release|Any CPU = Release|Any CPU
	EndGlobalSection
	GlobalSection(ProjectConfigurationPlatforms) = postSolution
		{B2AF3346-0798-4B90-B74B-75DC184A5D6D}.Debug|Any CPU.ActiveCfg = Debug|Any CPU
		{B2AF3346-0798-4B90-B74B-75DC184A5D6D}.Debug|Any CPU.Build.0 = Debug|Any CPU
		{B2AF3346-0798-4B90-B74B-75DC184A5D6D}.Release|Any CPU.ActiveCfg = Release|Any CPU
		{B2AF3346-0798-4B90-B74B-75DC184A5D6D}.Release|Any CPU.Build.0 = Release|Any CPU
	EndGlobalSection
	GlobalSection(SolutionProperties) = preSolution
		HideSolutionNode = FALSE
	EndGlobalSection
	GlobalSection(ExtensibilityGlobals) = postSolution
		SolutionGuid = {EF81948A-FD60-46EC-B080-DBFE7D36E92A}
	EndGlobalSection
EndGlobal
